{
  "nodes": {
    "ixCliAarch64Darwin": {
      "flake": false,
      "locked": {
        "narHash": "sha256-lPxd7XkazzfTkM2Az4R1ENlEmXzaF70O93OagH1Kn2s=",
        "type": "file",
        "url": "https://ix.dev/cli/darwin-arm64/ix"
      },
      "original": {
        "type": "file",
        "url": "https://ix.dev/cli/darwin-arm64/ix"
      }
    },
    "ixCliX86_64Darwin": {
      "flake": false,
      "locked": {
        "narHash": "sha256-ivkOJr+NUsoeyZ5m90LcS1BC89ibnzVKPui+Z7GdjkQ=",
        "type": "file",
        "url": "https://ix.dev/cli/darwin-x86_64/ix"
      },
      "original": {
        "type": "file",
        "url": "https://ix.dev/cli/darwin-x86_64/ix"
      }
    },
    "ixCliX86_64Linux": {
      "flake": false,
      "locked": {
        "narHash": "sha256-gB5DlidOeq/KhGXsvZl+xDMCpxP+WgZZmK4xvTlKrRg=",
        "type": "file",
        "url": "https://ix.dev/cli/linux-x86_64/ix"
      },
      "original": {
        "type": "file",
        "url": "https://ix.dev/cli/linux-x86_64/ix"
      }
    },
    "nixpkgs": {
      "locked": {
        "lastModified": 1777578337,
        "narHash": "sha256-Ad49moKWeXtKBJNy2ebiTQUEgdLyvGmTeykAQ9xM+Z4=",
        "owner": "NixOS",
        "repo": "nixpkgs",
        "rev": "15f4ee454b1dce334612fa6843b3e05cf546efab",
        "type": "github"
      },
      "original": {
        "owner": "NixOS",
        "ref": "nixos-unstable",
        "repo": "nixpkgs",
        "type": "github"
      }
    },
    "root": {
      "inputs": {
        "ixCliAarch64Darwin": "ixCliAarch64Darwin",
        "ixCliX86_64Darwin": "ixCliX86_64Darwin",
        "ixCliX86_64Linux": "ixCliX86_64Linux",
        "nixpkgs": "nixpkgs"
      }
    }
  },
  "root": "root",
  "version": 7
}
