{
  "nodes": {
    "artifact-minecraft-mod-almanac": {
      "flake": false,
      "locked": {
        "narHash": "sha256-AbSL7X2vtLgxw/yBQjtHCbzolHEHse6PjqHE0rAFlwU=",
        "type": "file",
        "url": "https://cdn.modrinth.com/data/Gi02250Z/versions/7IRzJzBP/almanac-1.26.x-fabric-1.6.2.1.jar"
      },
      "original": {
        "type": "file",
        "url": "https://cdn.modrinth.com/data/Gi02250Z/versions/7IRzJzBP/almanac-1.26.x-fabric-1.6.2.1.jar"
      }
    },
    "artifact-minecraft-mod-bluemap": {
      "flake": false,
      "locked": {
        "narHash": "sha256-wwpH7gwzmiR5dn9G42XiTSjmc/izqgqvc8cn/yNPSFs=",
        "type": "file",
        "url": "https://cdn.modrinth.com/data/swbUV1cr/versions/D9j76thC/bluemap-5.20-fabric.jar"
      },
      "original": {
        "type": "file",
        "url": "https://cdn.modrinth.com/data/swbUV1cr/versions/D9j76thC/bluemap-5.20-fabric.jar"
      }
    },
    "artifact-minecraft-mod-c2me-fabric-26-1-2": {
      "flake": false,
      "locked": {
        "narHash": "sha256-/YgFzOUzWJu0HFVfFUjipy7sc2u8/5aUCbkIiabDxNk=",
        "type": "file",
        "url": "https://cdn.modrinth.com/data/VSNURh3q/versions/utLSz8Lf/c2me-fabric-mc26.1.2-0.3.7%2Balpha.0.68.jar"
      },
      "original": {
        "type": "file",
        "url": "https://cdn.modrinth.com/data/VSNURh3q/versions/utLSz8Lf/c2me-fabric-mc26.1.2-0.3.7%2Balpha.0.68.jar"
      }
    },
    "artifact-minecraft-mod-c2me-fabric-26-2-snapshot-5": {
      "flake": false,
      "locked": {
        "narHash": "sha256-pNQy4HagofsLz1CErmbhxaE24l3ckxwX8MgmA162Usk=",
        "type": "file",
        "url": "https://cdn.modrinth.com/data/VSNURh3q/versions/h0G6V9wK/c2me-fabric-mc26.2-snapshot-5-0.3.7%2Balpha.0.68.jar"
      },
      "original": {
        "type": "file",
        "url": "https://cdn.modrinth.com/data/VSNURh3q/versions/h0G6V9wK/c2me-fabric-mc26.2-snapshot-5-0.3.7%2Balpha.0.68.jar"
      }
    },
    "artifact-minecraft-mod-chunky": {
      "flake": false,
      "locked": {
        "narHash": "sha256-vV8LwF8Ooh/UezuBDmlTK0WmZ/6o60zKDsZLDzjfS7g=",
        "type": "file",
        "url": "https://cdn.modrinth.com/data/fALzjamp/versions/4Eotm6ov/Chunky-Fabric-1.5.3.jar"
      },
      "original": {
        "type": "file",
        "url": "https://cdn.modrinth.com/data/fALzjamp/versions/4Eotm6ov/Chunky-Fabric-1.5.3.jar"
      }
    },
    "artifact-minecraft-mod-clumps": {
      "flake": false,
      "locked": {
        "narHash": "sha256-9eA3Qb3dZosFWG79Y/uZi1bleq/z+NRNmPP5hVu+HbE=",
        "type": "file",
        "url": "https://cdn.modrinth.com/data/Wnxd13zP/versions/RXNrUIjA/Clumps-fabric-26.1.2-26.1.2.1.jar"
      },
      "original": {
        "type": "file",
        "url": "https://cdn.modrinth.com/data/Wnxd13zP/versions/RXNrUIjA/Clumps-fabric-26.1.2-26.1.2.1.jar"
      }
    },
    "artifact-minecraft-mod-distanthorizons": {
      "flake": false,
      "locked": {
        "narHash": "sha256-USaJ9+6TBVwSbAMXDiRVhqcQP2hZYQM8lSb3Ai10FMQ=",
        "type": "file",
        "url": "https://cdn.modrinth.com/data/uCdwusMi/versions/FJrLlu3p/DistantHorizons-3.0.3-b-26.1.2-fabric-neoforge.jar"
      },
      "original": {
        "type": "file",
        "url": "https://cdn.modrinth.com/data/uCdwusMi/versions/FJrLlu3p/DistantHorizons-3.0.3-b-26.1.2-fabric-neoforge.jar"
      }
    },
    "artifact-minecraft-mod-fabric-api-1-21-11": {
      "flake": false,
      "locked": {
        "narHash": "sha256-HosOeLNUcbaLe/WiZ/w+kYyw3IS/vzkqFsJL+uvENfs=",
        "type": "file",
        "url": "https://cdn.modrinth.com/data/P7dR8mSH/versions/i5tSkVBH/fabric-api-0.141.3%2B1.21.11.jar"
      },
      "original": {
        "type": "file",
        "url": "https://cdn.modrinth.com/data/P7dR8mSH/versions/i5tSkVBH/fabric-api-0.141.3%2B1.21.11.jar"
      }
    },
    "artifact-minecraft-mod-fabric-api-26-1-2": {
      "flake": false,
      "locked": {
        "narHash": "sha256-txmOm+9iYx/q1kJ0xvgU6TF8LYVJ8+jbuSOXfhdL9nk=",
        "type": "file",
        "url": "https://cdn.modrinth.com/data/P7dR8mSH/versions/dZsorAUN/fabric-api-0.147.0%2B26.1.2.jar"
      },
      "original": {
        "type": "file",
        "url": "https://cdn.modrinth.com/data/P7dR8mSH/versions/dZsorAUN/fabric-api-0.147.0%2B26.1.2.jar"
      }
    },
    "artifact-minecraft-mod-fabric-api-26-2": {
      "flake": false,
      "locked": {
        "narHash": "sha256-Yzuk75lhh7bwYtnOb5bBg0bnV9ghrmh32SiOlq1uOYg=",
        "type": "file",
        "url": "https://cdn.modrinth.com/data/P7dR8mSH/versions/kw0Rlte8/fabric-api-0.147.1%2B26.2.jar"
      },
      "original": {
        "type": "file",
        "url": "https://cdn.modrinth.com/data/P7dR8mSH/versions/kw0Rlte8/fabric-api-0.147.1%2B26.2.jar"
      }
    },
    "artifact-minecraft-mod-ferrite-core": {
      "flake": false,
      "locked": {
        "narHash": "sha256-O3Io3FwxmBUDEdqjpSy6tkVzhpDEmNm2dSCg8ODEfaA=",
        "type": "file",
        "url": "https://cdn.modrinth.com/data/uXXizFIs/versions/d5ddUdiB/ferritecore-9.0.0-fabric.jar"
      },
      "original": {
        "type": "file",
        "url": "https://cdn.modrinth.com/data/uXXizFIs/versions/d5ddUdiB/ferritecore-9.0.0-fabric.jar"
      }
    },
    "artifact-minecraft-mod-grimac": {
      "flake": false,
      "locked": {
        "narHash": "sha256-8VIB8ib+HjLzLoNU5Ttokqs+2mL+tNJvySzOSSI9VaQ=",
        "type": "file",
        "url": "https://cdn.modrinth.com/data/LJNGWSvH/versions/65YzWD8i/grimac-fabric-2.3.74-ce86075.jar"
      },
      "original": {
        "type": "file",
        "url": "https://cdn.modrinth.com/data/LJNGWSvH/versions/65YzWD8i/grimac-fabric-2.3.74-ce86075.jar"
      }
    },
    "artifact-minecraft-mod-krypton": {
      "flake": false,
      "locked": {
        "narHash": "sha256-tXTsFi2z5QlskAZS2bSRpa2MzMNnioLzoumL1BPtp0U=",
        "type": "file",
        "url": "https://cdn.modrinth.com/data/fQEb0iXm/versions/kYAGItyj/krypton-0.3.0.jar"
      },
      "original": {
        "type": "file",
        "url": "https://cdn.modrinth.com/data/fQEb0iXm/versions/kYAGItyj/krypton-0.3.0.jar"
      }
    },
    "artifact-minecraft-mod-ksyxis": {
      "flake": false,
      "locked": {
        "narHash": "sha256-TM+E7CdsHyuASXM9P3tm+8xSybDyr9cGyDE7sgsQT/M=",
        "type": "file",
        "url": "https://cdn.modrinth.com/data/2ecVyZ49/versions/kL32PN9Q/Ksyxis-1.4.3.jar"
      },
      "original": {
        "type": "file",
        "url": "https://cdn.modrinth.com/data/2ecVyZ49/versions/kL32PN9Q/Ksyxis-1.4.3.jar"
      }
    },
    "artifact-minecraft-mod-lithium": {
      "flake": false,
      "locked": {
        "narHash": "sha256-hYNRXAnYqsz/ltVJbiMhqUoZlkruxDf5RjhWo7dRGF8=",
        "type": "file",
        "url": "https://cdn.modrinth.com/data/gvQqBUqZ/versions/R7MxYvuW/lithium-fabric-0.24.2%2Bmc26.1.2.jar"
      },
      "original": {
        "type": "file",
        "url": "https://cdn.modrinth.com/data/gvQqBUqZ/versions/R7MxYvuW/lithium-fabric-0.24.2%2Bmc26.1.2.jar"
      }
    },
    "artifact-minecraft-mod-lithostitched": {
      "flake": false,
      "locked": {
        "narHash": "sha256-Vp5LYyewXXOEkmqz3zcnSBAi6mdgMAY2wR/weWNsKLE=",
        "type": "file",
        "url": "https://cdn.modrinth.com/data/XaDC71GB/versions/cHH1mPJL/lithostitched-1.7.2-fabric-26.1.jar"
      },
      "original": {
        "type": "file",
        "url": "https://cdn.modrinth.com/data/XaDC71GB/versions/cHH1mPJL/lithostitched-1.7.2-fabric-26.1.jar"
      }
    },
    "artifact-minecraft-mod-lmd": {
      "flake": false,
      "locked": {
        "narHash": "sha256-F9RvHmsFEI1EcgOzDToplAy845Z5VUgg+zmca2l0UlI=",
        "type": "file",
        "url": "https://cdn.modrinth.com/data/vE2FN5qn/versions/eW5P1rHo/letmedespawn-1.26.x-fabric-1.6.2.1.jar"
      },
      "original": {
        "type": "file",
        "url": "https://cdn.modrinth.com/data/vE2FN5qn/versions/eW5P1rHo/letmedespawn-1.26.x-fabric-1.6.2.1.jar"
      }
    },
    "artifact-minecraft-mod-luckperms": {
      "flake": false,
      "locked": {
        "narHash": "sha256-aXIWFzzeQb5ouVHISSBClvAyELUtAoFWSl70cavrNAQ=",
        "type": "file",
        "url": "https://cdn.modrinth.com/data/Vebnzrzj/versions/fTIdfb46/LuckPerms-Fabric-5.5.42.jar"
      },
      "original": {
        "type": "file",
        "url": "https://cdn.modrinth.com/data/Vebnzrzj/versions/fTIdfb46/LuckPerms-Fabric-5.5.42.jar"
      }
    },
    "artifact-minecraft-mod-servercore": {
      "flake": false,
      "locked": {
        "narHash": "sha256-9uQ8MVaVZgpNOjAnyG+2N2nX6H5iDKDNv9Vmms5aIro=",
        "type": "file",
        "url": "https://cdn.modrinth.com/data/4WWQxlQP/versions/P8k080Af/servercore-fabric-1.5.16%2B26.1.jar"
      },
      "original": {
        "type": "file",
        "url": "https://cdn.modrinth.com/data/4WWQxlQP/versions/P8k080Af/servercore-fabric-1.5.16%2B26.1.jar"
      }
    },
    "artifact-minecraft-mod-simple-voice-chat": {
      "flake": false,
      "locked": {
        "narHash": "sha256-cdslv8nBnc0MegzGGdbf8+hAHR7vb7b87os8ZeWD8OQ=",
        "type": "file",
        "url": "https://cdn.modrinth.com/data/9eGKb6K1/versions/gVPjsMto/voicechat-fabric-2.6.17%2B26.1.2.jar"
      },
      "original": {
        "type": "file",
        "url": "https://cdn.modrinth.com/data/9eGKb6K1/versions/gVPjsMto/voicechat-fabric-2.6.17%2B26.1.2.jar"
      }
    },
    "artifact-minecraft-mod-spark": {
      "flake": false,
      "locked": {
        "narHash": "sha256-aTLQoI5U9K85UbcA4r1u018Pl87hpUeWVqb+GbXD4cc=",
        "type": "file",
        "url": "https://cdn.modrinth.com/data/l6YH9Als/versions/J1GUYyGQ/spark-1.10.172-fabric.jar"
      },
      "original": {
        "type": "file",
        "url": "https://cdn.modrinth.com/data/l6YH9Als/versions/J1GUYyGQ/spark-1.10.172-fabric.jar"
      }
    },
    "artifact-minecraft-mod-tectonic": {
      "flake": false,
      "locked": {
        "narHash": "sha256-JJL2mqOq7zgjgmbrkRTz/3AcY/dIcjbAbV5NZolqcCk=",
        "type": "file",
        "url": "https://cdn.modrinth.com/data/lWDHr9jE/versions/jL2ZsTzx/tectonic-3.0.22-fabric-26.1.jar"
      },
      "original": {
        "type": "file",
        "url": "https://cdn.modrinth.com/data/lWDHr9jE/versions/jL2ZsTzx/tectonic-3.0.22-fabric-26.1.jar"
      }
    },
    "artifact-minecraft-mod-terrain-diffusion": {
      "flake": false,
      "locked": {
        "narHash": "sha256-XDP2T0kAlAzAOR36bekz4fAtLwoNalgPQ4u56UyOAwc=",
        "type": "file",
        "url": "https://github.com/xandergos/terrain-diffusion-mc/releases/download/v2.1.0/terrain-diffusion-mc-2.1.0-cpu%2B1.21.11.jar"
      },
      "original": {
        "type": "file",
        "url": "https://github.com/xandergos/terrain-diffusion-mc/releases/download/v2.1.0/terrain-diffusion-mc-2.1.0-cpu%2B1.21.11.jar"
      }
    },
    "artifact-minecraft-mod-terralith": {
      "flake": false,
      "locked": {
        "narHash": "sha256-xTFF5E/6NfgBQkv19DqW9mpfT/kXuvk82ZxSZ3J54Yo=",
        "type": "file",
        "url": "https://cdn.modrinth.com/data/8oi3bsk5/versions/FCzSjHeG/Terralith_26.1_v2.6.2_Fabric.jar"
      },
      "original": {
        "type": "file",
        "url": "https://cdn.modrinth.com/data/8oi3bsk5/versions/FCzSjHeG/Terralith_26.1_v2.6.2_Fabric.jar"
      }
    },
    "artifact-minecraft-mod-vmp-fabric": {
      "flake": false,
      "locked": {
        "narHash": "sha256-+snoMDDPrFKDKkJ7ZGamqLrjCLqJUy90FLg9Mynpq4w=",
        "type": "file",
        "url": "https://cdn.modrinth.com/data/wnEe9KBa/versions/9f7J0dAp/vmp-fabric-mc26.1.2-0.2.0%2Bbeta.7.234-all.jar"
      },
      "original": {
        "type": "file",
        "url": "https://cdn.modrinth.com/data/wnEe9KBa/versions/9f7J0dAp/vmp-fabric-mc26.1.2-0.2.0%2Bbeta.7.234-all.jar"
      }
    },
    "artifact-minecraft-plugin-plugmanx": {
      "flake": false,
      "locked": {
        "narHash": "sha256-V7AW4/ITmcfFpVAFqFnmcv5PYku/NmBE5b7y1jAgsK8=",
        "type": "file",
        "url": "https://cdn.modrinth.com/data/yro4niHu/versions/hrMAp7Ww/PlugManX-3.0.4.jar"
      },
      "original": {
        "type": "file",
        "url": "https://cdn.modrinth.com/data/yro4niHu/versions/hrMAp7Ww/PlugManX-3.0.4.jar"
      }
    },
    "artifact-minecraft-server-1-21-11-fabric": {
      "flake": false,
      "locked": {
        "narHash": "sha256-CZrrgK9q4M8T4DrtEiw3Jh8zcTXDOhxOFQXJR3cwVZw=",
        "type": "file",
        "url": "https://meta.fabricmc.net/v2/versions/loader/1.21.11/0.19.2/1.1.1/server/jar"
      },
      "original": {
        "type": "file",
        "url": "https://meta.fabricmc.net/v2/versions/loader/1.21.11/0.19.2/1.1.1/server/jar"
      }
    },
    "artifact-minecraft-server-1-21-11-paper": {
      "flake": false,
      "locked": {
        "narHash": "sha256-LsZHwIMNP9/gJfhY4CEoFVDqsyx6P+9lbJz13VnsubA=",
        "type": "file",
        "url": "https://api.papermc.io/v2/projects/paper/versions/1.21.11/builds/69/downloads/paper-1.21.11-69.jar"
      },
      "original": {
        "type": "file",
        "url": "https://api.papermc.io/v2/projects/paper/versions/1.21.11/builds/69/downloads/paper-1.21.11-69.jar"
      }
    },
    "artifact-minecraft-server-26-1-2-fabric": {
      "flake": false,
      "locked": {
        "narHash": "sha256-81C1EzzKMWwXfzVd4zGumMCbQt7C9dx360O6E4NLqhs=",
        "type": "file",
        "url": "https://meta.fabricmc.net/v2/versions/loader/26.1.2/0.19.2/1.1.1/server/jar"
      },
      "original": {
        "type": "file",
        "url": "https://meta.fabricmc.net/v2/versions/loader/26.1.2/0.19.2/1.1.1/server/jar"
      }
    },
    "artifact-minecraft-server-26w17a-fabric": {
      "flake": false,
      "locked": {
        "narHash": "sha256-IvLnLBb1UYKDaR4pjJIcpKQTM0ydfAvGj87pVwIqOOM=",
        "type": "file",
        "url": "https://meta.fabricmc.net/v2/versions/loader/26.2-snapshot-5/0.19.2/1.1.1/server/jar"
      },
      "original": {
        "type": "file",
        "url": "https://meta.fabricmc.net/v2/versions/loader/26.2-snapshot-5/0.19.2/1.1.1/server/jar"
      }
    },
    "artifact-tonbo-artifacts": {
      "flake": false,
      "locked": {
        "narHash": "sha256-YTYqkyavizx06pTAj0d8WtKDGVqwMaOUOXQD7Hqlf5M=",
        "type": "file",
        "url": "https://artifacts.tonbo.dev/release/e16636b0e5ce/artifacts"
      },
      "original": {
        "type": "file",
        "url": "https://artifacts.tonbo.dev/release/e16636b0e5ce/artifacts"
      }
    },
    "blueprint": {
      "inputs": {
        "nixpkgs": [
          "ix-images",
          "llm-agents",
          "nixpkgs"
        ],
        "systems": [
          "ix-images",
          "llm-agents",
          "systems"
        ]
      },
      "locked": {
        "lastModified": 1776249299,
        "narHash": "sha256-Dt9t1TGRmJFc0xVYhttNBD6QsAgHOHCArqGa0AyjrJY=",
        "owner": "numtide",
        "repo": "blueprint",
        "rev": "56131e8628f173d24a27f6d27c0215eff57e40dd",
        "type": "github"
      },
      "original": {
        "owner": "numtide",
        "repo": "blueprint",
        "type": "github"
      }
    },
    "bun2nix": {
      "inputs": {
        "flake-parts": [
          "ix-images",
          "llm-agents",
          "flake-parts"
        ],
        "nixpkgs": [
          "ix-images",
          "llm-agents",
          "nixpkgs"
        ],
        "systems": [
          "ix-images",
          "llm-agents",
          "systems"
        ],
        "treefmt-nix": [
          "ix-images",
          "llm-agents",
          "treefmt-nix"
        ]
      },
      "locked": {
        "lastModified": 1777369708,
        "narHash": "sha256-1xW7cRZNsFNPQD+cE0fwnLVStnDth0HSoASEIFeT7uI=",
        "owner": "nix-community",
        "repo": "bun2nix",
        "rev": "e659e1cc4b8e1b21d0aa85f1c481f9db61ecfa98",
        "type": "github"
      },
      "original": {
        "owner": "nix-community",
        "ref": "staging-2.1.0",
        "repo": "bun2nix",
        "type": "github"
      }
    },
    "claude-code-nix": {
      "inputs": {
        "flake-utils": "flake-utils",
        "nixpkgs": [
          "ix-images",
          "nixpkgs"
        ]
      },
      "locked": {
        "lastModified": 1777604373,
        "narHash": "sha256-cQ+Z/fx5o43bD3PFZaz9yeEOVbAH1jqzdOiEP0ytW4M=",
        "owner": "sadjow",
        "repo": "claude-code-nix",
        "rev": "8bd0a84bcfbd7e76eaa1c3421fc59861eb8a8f24",
        "type": "github"
      },
      "original": {
        "owner": "sadjow",
        "repo": "claude-code-nix",
        "type": "github"
      }
    },
    "codex-cli-nix": {
      "inputs": {
        "flake-utils": "flake-utils_2",
        "nixpkgs": [
          "ix-images",
          "nixpkgs"
        ]
      },
      "locked": {
        "lastModified": 1777661972,
        "narHash": "sha256-VmcoQGZ3BNFlsI2jKUQH33MvEgkU6pvdxq4tofVLgmo=",
        "owner": "sadjow",
        "repo": "codex-cli-nix",
        "rev": "828b885b1be90991a2bd1087f2afd722476bfaed",
        "type": "github"
      },
      "original": {
        "owner": "sadjow",
        "repo": "codex-cli-nix",
        "type": "github"
      }
    },
    "flake-parts": {
      "inputs": {
        "nixpkgs-lib": [
          "ix-images",
          "llm-agents",
          "nixpkgs"
        ]
      },
      "locked": {
        "lastModified": 1777678872,
        "narHash": "sha256-EPIFsulyon7Z1vLQq5Fk64GR8L7cQsT+IPhcsukVbgk=",
        "owner": "hercules-ci",
        "repo": "flake-parts",
        "rev": "5250617bffd85403b14dbf43c3870e7f255d2c16",
        "type": "github"
      },
      "original": {
        "owner": "hercules-ci",
        "repo": "flake-parts",
        "type": "github"
      }
    },
    "flake-utils": {
      "inputs": {
        "systems": "systems"
      },
      "locked": {
        "lastModified": 1731533236,
        "narHash": "sha256-l0KFg5HjrsfsO/JpG+r7fRrqm12kzFHyUHqHCVpMMbI=",
        "owner": "numtide",
        "repo": "flake-utils",
        "rev": "11707dc2f618dd54ca8739b309ec4fc024de578b",
        "type": "github"
      },
      "original": {
        "owner": "numtide",
        "repo": "flake-utils",
        "type": "github"
      }
    },
    "flake-utils_2": {
      "inputs": {
        "systems": "systems_2"
      },
      "locked": {
        "lastModified": 1731533236,
        "narHash": "sha256-l0KFg5HjrsfsO/JpG+r7fRrqm12kzFHyUHqHCVpMMbI=",
        "owner": "numtide",
        "repo": "flake-utils",
        "rev": "11707dc2f618dd54ca8739b309ec4fc024de578b",
        "type": "github"
      },
      "original": {
        "owner": "numtide",
        "repo": "flake-utils",
        "type": "github"
      }
    },
    "ix-images": {
      "inputs": {
        "artifact-minecraft-mod-almanac": "artifact-minecraft-mod-almanac",
        "artifact-minecraft-mod-bluemap": "artifact-minecraft-mod-bluemap",
        "artifact-minecraft-mod-c2me-fabric-26-1-2": "artifact-minecraft-mod-c2me-fabric-26-1-2",
        "artifact-minecraft-mod-c2me-fabric-26-2-snapshot-5": "artifact-minecraft-mod-c2me-fabric-26-2-snapshot-5",
        "artifact-minecraft-mod-chunky": "artifact-minecraft-mod-chunky",
        "artifact-minecraft-mod-clumps": "artifact-minecraft-mod-clumps",
        "artifact-minecraft-mod-distanthorizons": "artifact-minecraft-mod-distanthorizons",
        "artifact-minecraft-mod-fabric-api-1-21-11": "artifact-minecraft-mod-fabric-api-1-21-11",
        "artifact-minecraft-mod-fabric-api-26-1-2": "artifact-minecraft-mod-fabric-api-26-1-2",
        "artifact-minecraft-mod-fabric-api-26-2": "artifact-minecraft-mod-fabric-api-26-2",
        "artifact-minecraft-mod-ferrite-core": "artifact-minecraft-mod-ferrite-core",
        "artifact-minecraft-mod-grimac": "artifact-minecraft-mod-grimac",
        "artifact-minecraft-mod-krypton": "artifact-minecraft-mod-krypton",
        "artifact-minecraft-mod-ksyxis": "artifact-minecraft-mod-ksyxis",
        "artifact-minecraft-mod-lithium": "artifact-minecraft-mod-lithium",
        "artifact-minecraft-mod-lithostitched": "artifact-minecraft-mod-lithostitched",
        "artifact-minecraft-mod-lmd": "artifact-minecraft-mod-lmd",
        "artifact-minecraft-mod-luckperms": "artifact-minecraft-mod-luckperms",
        "artifact-minecraft-mod-servercore": "artifact-minecraft-mod-servercore",
        "artifact-minecraft-mod-simple-voice-chat": "artifact-minecraft-mod-simple-voice-chat",
        "artifact-minecraft-mod-spark": "artifact-minecraft-mod-spark",
        "artifact-minecraft-mod-tectonic": "artifact-minecraft-mod-tectonic",
        "artifact-minecraft-mod-terrain-diffusion": "artifact-minecraft-mod-terrain-diffusion",
        "artifact-minecraft-mod-terralith": "artifact-minecraft-mod-terralith",
        "artifact-minecraft-mod-vmp-fabric": "artifact-minecraft-mod-vmp-fabric",
        "artifact-minecraft-plugin-plugmanx": "artifact-minecraft-plugin-plugmanx",
        "artifact-minecraft-server-1-21-11-fabric": "artifact-minecraft-server-1-21-11-fabric",
        "artifact-minecraft-server-1-21-11-paper": "artifact-minecraft-server-1-21-11-paper",
        "artifact-minecraft-server-26-1-2-fabric": "artifact-minecraft-server-26-1-2-fabric",
        "artifact-minecraft-server-26w17a-fabric": "artifact-minecraft-server-26w17a-fabric",
        "artifact-tonbo-artifacts": "artifact-tonbo-artifacts",
        "claude-code-nix": "claude-code-nix",
        "codex-cli-nix": "codex-cli-nix",
        "llm-agents": "llm-agents",
        "nixpkgs": "nixpkgs"
      },
      "locked": {
        "lastModified": 1778460401,
        "narHash": "sha256-SVhvg7q19FLezvxXCr5gE5nFH+LKIp+GYqVvivydbaM=",
        "owner": "indexable-inc",
        "repo": "images",
        "rev": "d45ad781f00b8c6f75d199344fc15fc8f0f5eb59",
        "type": "github"
      },
      "original": {
        "owner": "indexable-inc",
        "repo": "images",
        "type": "github"
      }
    },
    "llm-agents": {
      "inputs": {
        "blueprint": "blueprint",
        "bun2nix": "bun2nix",
        "flake-parts": "flake-parts",
        "nixpkgs": [
          "ix-images",
          "nixpkgs"
        ],
        "systems": "systems_3",
        "treefmt-nix": "treefmt-nix"
      },
      "locked": {
        "lastModified": 1777786380,
        "narHash": "sha256-GGKC1WrEoTafJwIXn+fim6cZ/w1ZWVc+DUYdk2lvPvA=",
        "owner": "numtide",
        "repo": "llm-agents.nix",
        "rev": "961b1096bc0b2ecc7096e360646cd2f29671c55e",
        "type": "github"
      },
      "original": {
        "owner": "numtide",
        "repo": "llm-agents.nix",
        "type": "github"
      }
    },
    "nixpkgs": {
      "locked": {
        "lastModified": 1777578337,
        "narHash": "sha256-Ad49moKWeXtKBJNy2ebiTQUEgdLyvGmTeykAQ9xM+Z4=",
        "owner": "NixOS",
        "repo": "nixpkgs",
        "rev": "15f4ee454b1dce334612fa6843b3e05cf546efab",
        "type": "github"
      },
      "original": {
        "owner": "NixOS",
        "ref": "nixos-unstable",
        "repo": "nixpkgs",
        "type": "github"
      }
    },
    "root": {
      "inputs": {
        "ix-images": "ix-images"
      }
    },
    "systems": {
      "locked": {
        "lastModified": 1681028828,
        "narHash": "sha256-Vy1rq5AaRuLzOxct8nz4T6wlgyUR7zLU309k9mBC768=",
        "owner": "nix-systems",
        "repo": "default",
        "rev": "da67096a3b9bf56a91d16901293e51ba5b49a27e",
        "type": "github"
      },
      "original": {
        "owner": "nix-systems",
        "repo": "default",
        "type": "github"
      }
    },
    "systems_2": {
      "locked": {
        "lastModified": 1681028828,
        "narHash": "sha256-Vy1rq5AaRuLzOxct8nz4T6wlgyUR7zLU309k9mBC768=",
        "owner": "nix-systems",
        "repo": "default",
        "rev": "da67096a3b9bf56a91d16901293e51ba5b49a27e",
        "type": "github"
      },
      "original": {
        "owner": "nix-systems",
        "repo": "default",
        "type": "github"
      }
    },
    "systems_3": {
      "locked": {
        "lastModified": 1681028828,
        "narHash": "sha256-Vy1rq5AaRuLzOxct8nz4T6wlgyUR7zLU309k9mBC768=",
        "owner": "nix-systems",
        "repo": "default",
        "rev": "da67096a3b9bf56a91d16901293e51ba5b49a27e",
        "type": "github"
      },
      "original": {
        "owner": "nix-systems",
        "repo": "default",
        "type": "github"
      }
    },
    "treefmt-nix": {
      "inputs": {
        "nixpkgs": [
          "ix-images",
          "llm-agents",
          "nixpkgs"
        ]
      },
      "locked": {
        "lastModified": 1775636079,
        "narHash": "sha256-pc20NRoMdiar8oPQceQT47UUZMBTiMdUuWrYu2obUP0=",
        "owner": "numtide",
        "repo": "treefmt-nix",
        "rev": "790751ff7fd3801feeaf96d7dc416a8d581265ba",
        "type": "github"
      },
      "original": {
        "owner": "numtide",
        "repo": "treefmt-nix",
        "type": "github"
      }
    }
  },
  "root": "root",
  "version": 7
}
