name: Update flake.lock

on:
  workflow_dispatch:
  schedule:
    - cron: "17 10 * * 1"

permissions:
  contents: write
  id-token: write
  pull-requests: write

jobs:
  update-flake-lock:
    runs-on: ubuntu-latest
    steps:
      - name: Checkout repository
        uses: actions/checkout@v6

      - name: Install Determinate Nix
        uses: DeterminateSystems/determinate-nix-action@v3

      - name: Update flake.lock
        uses: DeterminateSystems/update-flake-lock@v28
        with:
          base: main
          branch: update-flake-lock
          commit-msg: "flake.lock: update"
          pr-title: "Update Nix flake inputs"
